
Microsoft Visual Studio Solution File, Format Version 12.00
# Visual Studio Version 17
VisualStudioVersion = 17.7.34031.279
MinimumVisualStudioVersion = 10.0.40219.1
Project("{FAE04EC0-301F-11D3-BF4B-00C04F79EFBC}") = "ConsoleApp", "ConsoleApp\ConsoleApp.csproj", "{29E4B536-264B-4D61-81A8-10FCAB46F0FC}"
EndProject
Project("{FAE04EC0-301F-11D3-BF4B-00C04F79EFBC}") = "UnitTests", "UnitTests\UnitTests.csproj", "{C5639583-19DF-4103-9B70-962499AF6257}"
EndProject
Global
	GlobalSection(SolutionConfigurationPlatforms) = preSolution
		Debug|Any CPU = Debug|Any CPU
		Release|Any CPU = Release|Any CPU
	EndGlobalSection
	GlobalSection(ProjectConfigurationPlatforms) = postSolution
		{29E4B536-264B-4D61-81A8-10FCAB46F0FC}.Debug|Any CPU.ActiveCfg = Debug|Any CPU
		{29E4B536-264B-4D61-81A8-10FCAB46F0FC}.Debug|Any CPU.Build.0 = Debug|Any CPU
		{29E4B536-264B-4D61-81A8-10FCAB46F0FC}.Release|Any CPU.ActiveCfg = Release|Any CPU
		{29E4B536-264B-4D61-81A8-10FCAB46F0FC}.Release|Any CPU.Build.0 = Release|Any CPU
		{C5639583-19DF-4103-9B70-962499AF6257}.Debug|Any CPU.ActiveCfg = Debug|Any CPU
		{C5639583-19DF-4103-9B70-962499AF6257}.Debug|Any CPU.Build.0 = Debug|Any CPU
		{C5639583-19DF-4103-9B70-962499AF6257}.Release|Any CPU.ActiveCfg = Release|Any CPU
		{C5639583-19DF-4103-9B70-962499AF6257}.Release|Any CPU.Build.0 = Release|Any CPU
	EndGlobalSection
	GlobalSection(SolutionProperties) = preSolution
		HideSolutionNode = FALSE
	EndGlobalSection
	GlobalSection(ExtensibilityGlobals) = postSolution
		SolutionGuid = {24E4755B-F6AE-48D4-A521-E2DA93AC1151}
	EndGlobalSection
EndGlobal
